
Microsoft Visual Studio Solution File, Format Version 12.00
# Visual Studio Version 16
VisualStudioVersion = 16.0.29318.209
MinimumVisualStudioVersion = 10.0.40219.1
Project("{FAE04EC0-301F-11D3-BF4B-00C04F79EFBC}") = "ActionAndFuncDelegates", "ActionAndFuncDelegates\ActionAndFuncDelegates.csproj", "{0B450BB8-1334-4C81-BEB9-3DC979F0BD2E}"
EndProject
Global
	GlobalSection(SolutionConfigurationPlatforms) = preSolution
		Debug|Any CPU = Debug|Any CPU
		Release|Any CPU = Release|Any CPU
	EndGlobalSection
	GlobalSection(ProjectConfigurationPlatforms) = postSolution
		{0B450BB8-1334-4C81-BEB9-3DC979F0BD2E}.Debug|Any CPU.ActiveCfg = Debug|Any CPU
		{0B450BB8-1334-4C81-BEB9-3DC979F0BD2E}.Debug|Any CPU.Build.0 = Debug|Any CPU
		{0B450BB8-1334-4C81-BEB9-3DC979F0BD2E}.Release|Any CPU.ActiveCfg = Release|Any CPU
		{0B450BB8-1334-4C81-BEB9-3DC979F0BD2E}.Release|Any CPU.Build.0 = Release|Any CPU
	EndGlobalSection
	GlobalSection(SolutionProperties) = preSolution
		HideSolutionNode = FALSE
	EndGlobalSection
	GlobalSection(ExtensibilityGlobals) = postSolution
		SolutionGuid = {1C9E6E96-B109-482F-A0E9-873183DACC48}
	EndGlobalSection
EndGlobal
