
Microsoft Visual Studio Solution File, Format Version 12.00
# Visual Studio Version 16
VisualStudioVersion = 16.0.29409.12
MinimumVisualStudioVersion = 10.0.40219.1
Project("{FAE04EC0-301F-11D3-BF4B-00C04F79EFBC}") = "ExpressionTreeDemo", "ExpressionTreeDemo\ExpressionTreeDemo.csproj", "{2CD91256-D215-40C7-8F2C-A9FC19444438}"
EndProject
Global
	GlobalSection(SolutionConfigurationPlatforms) = preSolution
		Debug|Any CPU = Debug|Any CPU
		Release|Any CPU = Release|Any CPU
	EndGlobalSection
	GlobalSection(ProjectConfigurationPlatforms) = postSolution
		{2CD91256-D215-40C7-8F2C-A9FC19444438}.Debug|Any CPU.ActiveCfg = Debug|Any CPU
		{2CD91256-D215-40C7-8F2C-A9FC19444438}.Debug|Any CPU.Build.0 = Debug|Any CPU
		{2CD91256-D215-40C7-8F2C-A9FC19444438}.Release|Any CPU.ActiveCfg = Release|Any CPU
		{2CD91256-D215-40C7-8F2C-A9FC19444438}.Release|Any CPU.Build.0 = Release|Any CPU
	EndGlobalSection
	GlobalSection(SolutionProperties) = preSolution
		HideSolutionNode = FALSE
	EndGlobalSection
	GlobalSection(ExtensibilityGlobals) = postSolution
		SolutionGuid = {333B2F58-B2F9-4829-B59B-679ED80D51D9}
	EndGlobalSection
EndGlobal
