
Microsoft Visual Studio Solution File, Format Version 12.00
# Visual Studio Version 16
VisualStudioVersion = 16.0.29409.12
MinimumVisualStudioVersion = 10.0.40219.1
Project("{9A19103F-16F7-4668-BE54-9A1E7A4F7556}") = "ExpressionTreeDemo", "ExpressionTreeDemo\ExpressionTreeDemo.csproj", "{2CD91256-D215-40C7-8F2C-A9FC19444438}"
EndProject
Project("{9A19103F-16F7-4668-BE54-9A1E7A4F7556}") = "WebExpressionTreeTest", "WebExpressionTreeTest\WebExpressionTreeTest.csproj", "{23E1A043-1B29-430B-BB2F-B8C27991371C}"
EndProject
Project("{9A19103F-16F7-4668-BE54-9A1E7A4F7556}") = "ExpressionTreeVisitorPatern", "ExpressionTreeVisitorPatern\ExpressionTreeVisitorPatern.csproj", "{EE282555-80B0-4FF5-9A36-003D8EC07669}"
EndProject
Project("{FAE04EC0-301F-11D3-BF4B-00C04F79EFBC}") = "ObjectCreationWithCtors", "ObjectCreationWithCtors\ObjectCreationWithCtors.csproj", "{A033D54B-F6B8-4AF1-887C-218866CB8A50}"
EndProject
Project("{FAE04EC0-301F-11D3-BF4B-00C04F79EFBC}") = "PropertyHelperWithExpressions", "PropertyHelperWithExpressions\PropertyHelperWithExpressions.csproj", "{96E11650-4189-468C-B119-C05BF962CE69}"
EndProject
Global
	GlobalSection(SolutionConfigurationPlatforms) = preSolution
		Debug|Any CPU = Debug|Any CPU
		Release|Any CPU = Release|Any CPU
	EndGlobalSection
	GlobalSection(ProjectConfigurationPlatforms) = postSolution
		{2CD91256-D215-40C7-8F2C-A9FC19444438}.Debug|Any CPU.ActiveCfg = Debug|Any CPU
		{2CD91256-D215-40C7-8F2C-A9FC19444438}.Debug|Any CPU.Build.0 = Debug|Any CPU
		{2CD91256-D215-40C7-8F2C-A9FC19444438}.Release|Any CPU.ActiveCfg = Release|Any CPU
		{2CD91256-D215-40C7-8F2C-A9FC19444438}.Release|Any CPU.Build.0 = Release|Any CPU
		{23E1A043-1B29-430B-BB2F-B8C27991371C}.Debug|Any CPU.ActiveCfg = Debug|Any CPU
		{23E1A043-1B29-430B-BB2F-B8C27991371C}.Debug|Any CPU.Build.0 = Debug|Any CPU
		{23E1A043-1B29-430B-BB2F-B8C27991371C}.Release|Any CPU.ActiveCfg = Release|Any CPU
		{23E1A043-1B29-430B-BB2F-B8C27991371C}.Release|Any CPU.Build.0 = Release|Any CPU
		{EE282555-80B0-4FF5-9A36-003D8EC07669}.Debug|Any CPU.ActiveCfg = Debug|Any CPU
		{EE282555-80B0-4FF5-9A36-003D8EC07669}.Debug|Any CPU.Build.0 = Debug|Any CPU
		{EE282555-80B0-4FF5-9A36-003D8EC07669}.Release|Any CPU.ActiveCfg = Release|Any CPU
		{EE282555-80B0-4FF5-9A36-003D8EC07669}.Release|Any CPU.Build.0 = Release|Any CPU
		{A033D54B-F6B8-4AF1-887C-218866CB8A50}.Debug|Any CPU.ActiveCfg = Debug|Any CPU
		{A033D54B-F6B8-4AF1-887C-218866CB8A50}.Debug|Any CPU.Build.0 = Debug|Any CPU
		{A033D54B-F6B8-4AF1-887C-218866CB8A50}.Release|Any CPU.ActiveCfg = Release|Any CPU
		{A033D54B-F6B8-4AF1-887C-218866CB8A50}.Release|Any CPU.Build.0 = Release|Any CPU
		{96E11650-4189-468C-B119-C05BF962CE69}.Debug|Any CPU.ActiveCfg = Debug|Any CPU
		{96E11650-4189-468C-B119-C05BF962CE69}.Debug|Any CPU.Build.0 = Debug|Any CPU
		{96E11650-4189-468C-B119-C05BF962CE69}.Release|Any CPU.ActiveCfg = Release|Any CPU
		{96E11650-4189-468C-B119-C05BF962CE69}.Release|Any CPU.Build.0 = Release|Any CPU
	EndGlobalSection
	GlobalSection(SolutionProperties) = preSolution
		HideSolutionNode = FALSE
	EndGlobalSection
	GlobalSection(ExtensibilityGlobals) = postSolution
		SolutionGuid = {333B2F58-B2F9-4829-B59B-679ED80D51D9}
	EndGlobalSection
EndGlobal
